// !$*UTF8*$!
{
	archiveVersion = 1;
	classes = {
	};
	objectVersion = 50;
	objects = {

/* Begin PBXBuildFile section */
		39356CCE259C4D34007017C1 /* StopWatchViewController.swift in Sources */ = {isa = PBXBuildFile; fileRef = 39356CCD259C4D34007017C1 /* StopWatchViewController.swift */; };
		39460001259C4674004BBB8D /* TimerViewController.swift in Sources */ = {isa = PBXBuildFile; fileRef = 39460000259C4674004BBB8D /* TimerViewController.swift */; };
		39460004259C4674004BBB8D /* Main.storyboard in Resources */ = {isa = PBXBuildFile; fileRef = 39460002259C4674004BBB8D /* Main.storyboard */; };
		39460006259C467C004BBB8D /* Assets.xcassets in Resources */ = {isa = PBXBuildFile; fileRef = 39460005259C467C004BBB8D /* Assets.xcassets */; };
		39460009259C467C004BBB8D /* LaunchScreen.storyboard in Resources */ = {isa = PBXBuildFile; fileRef = 39460007259C467C004BBB8D /* LaunchScreen.storyboard */; };
		3946FFFD259C4674004BBB8D /* AppDelegate.swift in Sources */ = {isa = PBXBuildFile; fileRef = 3946FFFC259C4674004BBB8D /* AppDelegate.swift */; };
		3946FFFF259C4674004BBB8D /* SceneDelegate.swift in Sources */ = {isa = PBXBuildFile; fileRef = 3946FFFE259C4674004BBB8D /* SceneDelegate.swift */; };
		3971B61B259D852F00A81D47 /* PomodoroTimerViewController.swift in Sources */ = {isa = PBXBuildFile; fileRef = 3971B61A259D852F00A81D47 /* PomodoroTimerViewController.swift */; };
		3971B63F259F5AA400A81D47 /* SelectViewController.swift in Sources */ = {isa = PBXBuildFile; fileRef = 3971B63E259F5AA400A81D47 /* SelectViewController.swift */; };
/* End PBXBuildFile section */

/* Begin PBXFileReference section */
		39356CCD259C4D34007017C1 /* StopWatchViewController.swift */ = {isa = PBXFileReference; lastKnownFileType = sourcecode.swift; path = StopWatchViewController.swift; sourceTree = "<group>"; };
		39460000259C4674004BBB8D /* TimerViewController.swift */ = {isa = PBXFileReference; lastKnownFileType = sourcecode.swift; path = TimerViewController.swift; sourceTree = "<group>"; };
		39460003259C4674004BBB8D /* Base */ = {isa = PBXFileReference; lastKnownFileType = file.storyboard; name = Base; path = Base.lproj/Main.storyboard; sourceTree = "<group>"; };
		39460005259C467C004BBB8D /* Assets.xcassets */ = {isa = PBXFileReference; lastKnownFileType = folder.assetcatalog; path = Assets.xcassets; sourceTree = "<group>"; };
		39460008259C467C004BBB8D /* Base */ = {isa = PBXFileReference; lastKnownFileType = file.storyboard; name = Base; path = Base.lproj/LaunchScreen.storyboard; sourceTree = "<group>"; };
		3946000A259C467C004BBB8D /* Info.plist */ = {isa = PBXFileReference; lastKnownFileType = text.plist.xml; path = Info.plist; sourceTree = "<group>"; };
		3946FFF9259C4674004BBB8D /* CustomClock.app */ = {isa = PBXFileReference; explicitFileType = wrapper.application; includeInIndex = 0; path = CustomClock.app; sourceTree = BUILT_PRODUCTS_DIR; };
		3946FFFC259C4674004BBB8D /* AppDelegate.swift */ = {isa = PBXFileReference; lastKnownFileType = sourcecode.swift; path = AppDelegate.swift; sourceTree = "<group>"; };
		3946FFFE259C4674004BBB8D /* SceneDelegate.swift */ = {isa = PBXFileReference; lastKnownFileType = sourcecode.swift; path = SceneDelegate.swift; sourceTree = "<group>"; };
		3971B61A259D852F00A81D47 /* PomodoroTimerViewController.swift */ = {isa = PBXFileReference; lastKnownFileType = sourcecode.swift; path = PomodoroTimerViewController.swift; sourceTree = "<group>"; };
		3971B63E259F5AA400A81D47 /* SelectViewController.swift */ = {isa = PBXFileReference; lastKnownFileType = sourcecode.swift; path = SelectViewController.swift; sourceTree = "<group>"; };
/* End PBXFileReference section */

/* Begin PBXFrameworksBuildPhase section */
		3946FFF6259C4674004BBB8D /* Frameworks */ = {
			isa = PBXFrameworksBuildPhase;
			buildActionMask = 2147483647;
			files = (
			);
			runOnlyForDeploymentPostprocessing = 0;
		};
/* End PBXFrameworksBuildPhase section */

/* Begin PBXGroup section */
		39460011259C46CE004BBB8D /* ViewControllers */ = {
			isa = PBXGroup;
			children = (
				39356CCD259C4D34007017C1 /* StopWatchViewController.swift */,
				39460000259C4674004BBB8D /* TimerViewController.swift */,
				3971B63E259F5AA400A81D47 /* SelectViewController.swift */,
				3971B61A259D852F00A81D47 /* PomodoroTimerViewController.swift */,
			);
			path = ViewControllers;
			sourceTree = "<group>";
		};
		3946FFF0259C4674004BBB8D = {
			isa = PBXGroup;
			children = (
				3946FFFB259C4674004BBB8D /* CustomClock */,
				3946FFFA259C4674004BBB8D /* Products */,
			);
			sourceTree = "<group>";
		};
		3946FFFA259C4674004BBB8D /* Products */ = {
			isa = PBXGroup;
			children = (
				3946FFF9259C4674004BBB8D /* CustomClock.app */,
			);
			name = Products;
			sourceTree = "<group>";
		};
		3946FFFB259C4674004BBB8D /* CustomClock */ = {
			isa = PBXGroup;
			children = (
				39460011259C46CE004BBB8D /* ViewControllers */,
				3946FFFC259C4674004BBB8D /* AppDelegate.swift */,
				3946FFFE259C4674004BBB8D /* SceneDelegate.swift */,
				39460002259C4674004BBB8D /* Main.storyboard */,
				39460005259C467C004BBB8D /* Assets.xcassets */,
				39460007259C467C004BBB8D /* LaunchScreen.storyboard */,
				3946000A259C467C004BBB8D /* Info.plist */,
			);
			path = CustomClock;
			sourceTree = "<group>";
		};
/* End PBXGroup section */

/* Begin PBXNativeTarget section */
		3946FFF8259C4674004BBB8D /* CustomClock */ = {
			isa = PBXNativeTarget;
			buildConfigurationList = 3946000D259C467C004BBB8D /* Build configuration list for PBXNativeTarget "CustomClock" */;
			buildPhases = (
				3946FFF5259C4674004BBB8D /* Sources */,
				3946FFF6259C4674004BBB8D /* Frameworks */,
				3946FFF7259C4674004BBB8D /* Resources */,
			);
			buildRules = (
			);
			dependencies = (
			);
			name = CustomClock;
			productName = CustomClock;
			productReference = 3946FFF9259C4674004BBB8D /* CustomClock.app */;
			productType = "com.apple.product-type.application";
		};
/* End PBXNativeTarget section */

/* Begin PBXProject section */
		3946FFF1259C4674004BBB8D /* Project object */ = {
			isa = PBXProject;
			attributes = {
				LastSwiftUpdateCheck = 1160;
				LastUpgradeCheck = 1160;
				ORGANIZATIONNAME = sherlockian;
				TargetAttributes = {
					3946FFF8259C4674004BBB8D = {
						CreatedOnToolsVersion = 11.6;
					};
				};
			};
			buildConfigurationList = 3946FFF4259C4674004BBB8D /* Build configuration list for PBXProject "CustomClock" */;
			compatibilityVersion = "Xcode 9.3";
			developmentRegion = en;
			hasScannedForEncodings = 0;
			knownRegions = (
				en,
				Base,
			);
			mainGroup = 3946FFF0259C4674004BBB8D;
			productRefGroup = 3946FFFA259C4674004BBB8D /* Products */;
			projectDirPath = "";
			projectRoot = "";
			targets = (
				3946FFF8259C4674004BBB8D /* CustomClock */,
			);
		};
/* End PBXProject section */

/* Begin PBXResourcesBuildPhase section */
		3946FFF7259C4674004BBB8D /* Resources */ = {
			isa = PBXResourcesBuildPhase;
			buildActionMask = 2147483647;
			files = (
				39460009259C467C004BBB8D /* LaunchScreen.storyboard in Resources */,
				39460006259C467C004BBB8D /* Assets.xcassets in Resources */,
				39460004259C4674004BBB8D /* Main.storyboard in Resources */,
			);
			runOnlyForDeploymentPostprocessing = 0;
		};
/* End PBXResourcesBuildPhase section */

/* Begin PBXSourcesBuildPhase section */
		3946FFF5259C4674004BBB8D /* Sources */ = {
			isa = PBXSourcesBuildPhase;
			buildActionMask = 2147483647;
			files = (
				3971B61B259D852F00A81D47 /* PomodoroTimerViewController.swift in Sources */,
				39356CCE259C4D34007017C1 /* StopWatchViewController.swift in Sources */,
				39460001259C4674004BBB8D /* TimerViewController.swift in Sources */,
				3946FFFD259C4674004BBB8D /* AppDelegate.swift in Sources */,
				3971B63F259F5AA400A81D47 /* SelectViewController.swift in Sources */,
				3946FFFF259C4674004BBB8D /* SceneDelegate.swift in Sources */,
			);
			runOnlyForDeploymentPostprocessing = 0;
		};
/* End PBXSourcesBuildPhase section */

/* Begin PBXVariantGroup section */
		39460002259C4674004BBB8D /* Main.storyboard */ = {
			isa = PBXVariantGroup;
			children = (
				39460003259C4674004BBB8D /* Base */,
			);
			name = Main.storyboard;
			sourceTree = "<group>";
		};
		39460007259C467C004BBB8D /* LaunchScreen.storyboard */ = {
			isa = PBXVariantGroup;
			children = (
				39460008259C467C004BBB8D /* Base */,
			);
			name = LaunchScreen.storyboard;
			sourceTree = "<group>";
		};
/* End PBXVariantGroup section */

/* Begin XCBuildConfiguration section */
		3946000B259C467C004BBB8D /* Debug */ = {
			isa = XCBuildConfiguration;
			buildSettings = {
				ALWAYS_SEARCH_USER_PATHS = NO;
				CLANG_ANALYZER_NONNULL = YES;
				CLANG_ANALYZER_NUMBER_OBJECT_CONVERSION = YES_AGGRESSIVE;
				CLANG_CXX_LANGUAGE_STANDARD = "gnu++14";
				CLANG_CXX_LIBRARY = "libc++";
				CLANG_ENABLE_MODULES = YES;
				CLANG_ENABLE_OBJC_ARC = YES;
				CLANG_ENABLE_OBJC_WEAK = YES;
				CLANG_WARN_BLOCK_CAPTURE_AUTORELEASING = YES;
				CLANG_WARN_BOOL_CONVERSION = YES;
				CLANG_WARN_COMMA = YES;
				CLANG_WARN_CONSTANT_CONVERSION = YES;
				CLANG_WARN_DEPRECATED_OBJC_IMPLEMENTATIONS = YES;
				CLANG_WARN_DIRECT_OBJC_ISA_USAGE = YES_ERROR;
				CLANG_WARN_DOCUMENTATION_COMMENTS = YES;
				CLANG_WARN_EMPTY_BODY = YES;
				CLANG_WARN_ENUM_CONVERSION = YES;
				CLANG_WARN_INFINITE_RECURSION = YES;
				CLANG_WARN_INT_CONVERSION = YES;
				CLANG_WARN_NON_LITERAL_NULL_CONVERSION = YES;
				CLANG_WARN_OBJC_IMPLICIT_RETAIN_SELF = YES;
				CLANG_WARN_OBJC_LITERAL_CONVERSION = YES;
				CLANG_WARN_OBJC_ROOT_CLASS = YES_ERROR;
				CLANG_WARN_RANGE_LOOP_ANALYSIS = YES;
				CLANG_WARN_STRICT_PROTOTYPES = YES;
				CLANG_WARN_SUSPICIOUS_MOVE = YES;
				CLANG_WARN_UNGUARDED_AVAILABILITY = YES_AGGRESSIVE;
				CLANG_WARN_UNREACHABLE_CODE = YES;
				CLANG_WARN__DUPLICATE_METHOD_MATCH = YES;
				COPY_PHASE_STRIP = NO;
				DEBUG_INFORMATION_FORMAT = dwarf;
				ENABLE_STRICT_OBJC_MSGSEND = YES;
				ENABLE_TESTABILITY = YES;
				GCC_C_LANGUAGE_STANDARD = gnu11;
				GCC_DYNAMIC_NO_PIC = NO;
				GCC_NO_COMMON_BLOCKS = YES;
				GCC_OPTIMIZATION_LEVEL = 0;
				GCC_PREPROCESSOR_DEFINITIONS = (
					"DEBUG=1",
					"$(inherited)",
				);
				GCC_WARN_64_TO_32_BIT_CONVERSION = YES;
				GCC_WARN_ABOUT_RETURN_TYPE = YES_ERROR;
				GCC_WARN_UNDECLARED_SELECTOR = YES;
				GCC_WARN_UNINITIALIZED_AUTOS = YES_AGGRESSIVE;
				GCC_WARN_UNUSED_FUNCTION = YES;
				GCC_WARN_UNUSED_VARIABLE = YES;
				IPHONEOS_DEPLOYMENT_TARGET = 13.6;
				MTL_ENABLE_DEBUG_INFO = INCLUDE_SOURCE;
				MTL_FAST_MATH = YES;
				ONLY_ACTIVE_ARCH = YES;
				SDKROOT = iphoneos;
				SWIFT_ACTIVE_COMPILATION_CONDITIONS = DEBUG;
				SWIFT_OPTIMIZATION_LEVEL = "-Onone";
			};
			name = Debug;
		};
		3946000C259C467C004BBB8D /* Release */ = {
			isa = XCBuildConfiguration;
			buildSettings = {
				ALWAYS_SEARCH_USER_PATHS = NO;
				CLANG_ANALYZER_NONNULL = YES;
				CLANG_ANALYZER_NUMBER_OBJECT_CONVERSION = YES_AGGRESSIVE;
				CLANG_CXX_LANGUAGE_STANDARD = "gnu++14";
				CLANG_CXX_LIBRARY = "libc++";
				CLANG_ENABLE_MODULES = YES;
				CLANG_ENABLE_OBJC_ARC = YES;
				CLANG_ENABLE_OBJC_WEAK = YES;
				CLANG_WARN_BLOCK_CAPTURE_AUTORELEASING = YES;
				CLANG_WARN_BOOL_CONVERSION = YES;
				CLANG_WARN_COMMA = YES;
				CLANG_WARN_CONSTANT_CONVERSION = YES;
				CLANG_WARN_DEPRECATED_OBJC_IMPLEMENTATIONS = YES;
				CLANG_WARN_DIRECT_OBJC_ISA_USAGE = YES_ERROR;
				CLANG_WARN_DOCUMENTATION_COMMENTS = YES;
				CLANG_WARN_EMPTY_BODY = YES;
				CLANG_WARN_ENUM_CONVERSION = YES;
				CLANG_WARN_INFINITE_RECURSION = YES;
				CLANG_WARN_INT_CONVERSION = YES;
				CLANG_WARN_NON_LITERAL_NULL_CONVERSION = YES;
				CLANG_WARN_OBJC_IMPLICIT_RETAIN_SELF = YES;
				CLANG_WARN_OBJC_LITERAL_CONVERSION = YES;
				CLANG_WARN_OBJC_ROOT_CLASS = YES_ERROR;
				CLANG_WARN_RANGE_LOOP_ANALYSIS = YES;
				CLANG_WARN_STRICT_PROTOTYPES = YES;
				CLANG_WARN_SUSPICIOUS_MOVE = YES;
				CLANG_WARN_UNGUARDED_AVAILABILITY = YES_AGGRESSIVE;
				CLANG_WARN_UNREACHABLE_CODE = YES;
				CLANG_WARN__DUPLICATE_METHOD_MATCH = YES;
				COPY_PHASE_STRIP = NO;
				DEBUG_INFORMATION_FORMAT = "dwarf-with-dsym";
				ENABLE_NS_ASSERTIONS = NO;
				ENABLE_STRICT_OBJC_MSGSEND = YES;
				GCC_C_LANGUAGE_STANDARD = gnu11;
				GCC_NO_COMMON_BLOCKS = YES;
				GCC_WARN_64_TO_32_BIT_CONVERSION = YES;
				GCC_WARN_ABOUT_RETURN_TYPE = YES_ERROR;
				GCC_WARN_UNDECLARED_SELECTOR = YES;
				GCC_WARN_UNINITIALIZED_AUTOS = YES_AGGRESSIVE;
				GCC_WARN_UNUSED_FUNCTION = YES;
				GCC_WARN_UNUSED_VARIABLE = YES;
				IPHONEOS_DEPLOYMENT_TARGET = 13.6;
				MTL_ENABLE_DEBUG_INFO = NO;
				MTL_FAST_MATH = YES;
				SDKROOT = iphoneos;
				SWIFT_COMPILATION_MODE = wholemodule;
				SWIFT_OPTIMIZATION_LEVEL = "-O";
				VALIDATE_PRODUCT = YES;
			};
			name = Release;
		};
		3946000E259C467C004BBB8D /* Debug */ = {
			isa = XCBuildConfiguration;
			buildSettings = {
				ASSETCATALOG_COMPILER_APPICON_NAME = AppIcon;
				CODE_SIGN_STYLE = Automatic;
				INFOPLIST_FILE = CustomClock/Info.plist;
				LD_RUNPATH_SEARCH_PATHS = (
					"$(inherited)",
					"@executable_path/Frameworks",
				);
				PRODUCT_BUNDLE_IDENTIFIER = firebase.1022.CustomClock;
				PRODUCT_NAME = "$(TARGET_NAME)";
				SWIFT_VERSION = 5.0;
				TARGETED_DEVICE_FAMILY = "1,2";
			};
			name = Debug;
		};
		3946000F259C467C004BBB8D /* Release */ = {
			isa = XCBuildConfiguration;
			buildSettings = {
				ASSETCATALOG_COMPILER_APPICON_NAME = AppIcon;
				CODE_SIGN_STYLE = Automatic;
				INFOPLIST_FILE = CustomClock/Info.plist;
				LD_RUNPATH_SEARCH_PATHS = (
					"$(inherited)",
					"@executable_path/Frameworks",
				);
				PRODUCT_BUNDLE_IDENTIFIER = firebase.1022.CustomClock;
				PRODUCT_NAME = "$(TARGET_NAME)";
				SWIFT_VERSION = 5.0;
				TARGETED_DEVICE_FAMILY = "1,2";
			};
			name = Release;
		};
/* End XCBuildConfiguration section */

/* Begin XCConfigurationList section */
		3946000D259C467C004BBB8D /* Build configuration list for PBXNativeTarget "CustomClock" */ = {
			isa = XCConfigurationList;
			buildConfigurations = (
				3946000E259C467C004BBB8D /* Debug */,
				3946000F259C467C004BBB8D /* Release */,
			);
			defaultConfigurationIsVisible = 0;
			defaultConfigurationName = Release;
		};
		3946FFF4259C4674004BBB8D /* Build configuration list for PBXProject "CustomClock" */ = {
			isa = XCConfigurationList;
			buildConfigurations = (
				3946000B259C467C004BBB8D /* Debug */,
				3946000C259C467C004BBB8D /* Release */,
			);
			defaultConfigurationIsVisible = 0;
			defaultConfigurationName = Release;
		};
/* End XCConfigurationList section */
	};
	rootObject = 3946FFF1259C4674004BBB8D /* Project object */;
}
